
Microsoft Visual Studio Solution File, Format Version 12.00
# Visual Studio 15
VisualStudioVersion = 15.0.27428.2043
MinimumVisualStudioVersion = 10.0.40219.1
Project("{9A19103F-16F7-4668-BE54-9A1E7A4F7556}") = "Miki.Discord", "Miki.Discord\Miki.Discord.csproj", "{EA983525-DBAD-407C-BC7A-39878EA46EEC}"
EndProject
Project("{9A19103F-16F7-4668-BE54-9A1E7A4F7556}") = "Miki.Discord.Caching", "Miki.Discord.Caching\Miki.Discord.Caching.csproj", "{0999E9CD-09EB-4C2E-825E-CFF957A1ECE3}"
EndProject
Project("{9A19103F-16F7-4668-BE54-9A1E7A4F7556}") = "Miki.Discord.Common", "Miki.Discord.Common\Miki.Discord.Common.csproj", "{813ADA8A-525F-4186-8F43-B9811CD8E8A4}"
EndProject
Project("{9A19103F-16F7-4668-BE54-9A1E7A4F7556}") = "Miki.Discord.Rest", "Miki.Discord.Rest\Miki.Discord.Rest.csproj", "{B0FF67A9-69C0-4630-8E90-1CE14F3C549E}"
EndProject
Project("{9A19103F-16F7-4668-BE54-9A1E7A4F7556}") = "Miki.Discord.Gateway.Distributed", "Miki.Discord.Gateway.Distributed\Miki.Discord.Gateway.Distributed.csproj", "{9EB639B2-5071-4B89-BD04-AFF2CEE7E3DD}"
EndProject
Project("{9A19103F-16F7-4668-BE54-9A1E7A4F7556}") = "Miki.Discord.Tests", "Miki.Discord.Tests\Miki.Discord.Tests.csproj", "{1134FF5E-D9F0-4D78-8F02-207BDB5D3FD4}"
EndProject
Project("{9A19103F-16F7-4668-BE54-9A1E7A4F7556}") = "Miki.Discord.Tests.Dummy", "Miki.Discord.Tests.Dummy\Miki.Discord.Tests.Dummy.csproj", "{46ADCC96-0860-41B8-8794-74D76DC0BB3B}"
EndProject
Project("{9A19103F-16F7-4668-BE54-9A1E7A4F7556}") = "Miki.Discord.Tests.Performance", "Miki.Discord.Tests.Performance\Miki.Discord.Tests.Performance.csproj", "{C5BABE08-66DA-403E-8BD9-4562D4EA1031}"
EndProject
Project("{9A19103F-16F7-4668-BE54-9A1E7A4F7556}") = "Miki.Discord.Gateway.Centralized", "Miki.Discord.Gateway.Centralized\Miki.Discord.Gateway.Centralized.csproj", "{E4339CF4-C551-4013-8237-0427FFD35032}"
EndProject
Global
	GlobalSection(SolutionConfigurationPlatforms) = preSolution
		Debug|Any CPU = Debug|Any CPU
		Release|Any CPU = Release|Any CPU
	EndGlobalSection
	GlobalSection(ProjectConfigurationPlatforms) = postSolution
		{EA983525-DBAD-407C-BC7A-39878EA46EEC}.Debug|Any CPU.ActiveCfg = Debug|Any CPU
		{EA983525-DBAD-407C-BC7A-39878EA46EEC}.Debug|Any CPU.Build.0 = Debug|Any CPU
		{EA983525-DBAD-407C-BC7A-39878EA46EEC}.Release|Any CPU.ActiveCfg = Release|Any CPU
		{EA983525-DBAD-407C-BC7A-39878EA46EEC}.Release|Any CPU.Build.0 = Release|Any CPU
		{0999E9CD-09EB-4C2E-825E-CFF957A1ECE3}.Debug|Any CPU.ActiveCfg = Debug|Any CPU
		{0999E9CD-09EB-4C2E-825E-CFF957A1ECE3}.Debug|Any CPU.Build.0 = Debug|Any CPU
		{0999E9CD-09EB-4C2E-825E-CFF957A1ECE3}.Release|Any CPU.ActiveCfg = Release|Any CPU
		{0999E9CD-09EB-4C2E-825E-CFF957A1ECE3}.Release|Any CPU.Build.0 = Release|Any CPU
		{813ADA8A-525F-4186-8F43-B9811CD8E8A4}.Debug|Any CPU.ActiveCfg = Debug|Any CPU
		{813ADA8A-525F-4186-8F43-B9811CD8E8A4}.Debug|Any CPU.Build.0 = Debug|Any CPU
		{813ADA8A-525F-4186-8F43-B9811CD8E8A4}.Release|Any CPU.ActiveCfg = Release|Any CPU
		{813ADA8A-525F-4186-8F43-B9811CD8E8A4}.Release|Any CPU.Build.0 = Release|Any CPU
		{B0FF67A9-69C0-4630-8E90-1CE14F3C549E}.Debug|Any CPU.ActiveCfg = Debug|Any CPU
		{B0FF67A9-69C0-4630-8E90-1CE14F3C549E}.Debug|Any CPU.Build.0 = Debug|Any CPU
		{B0FF67A9-69C0-4630-8E90-1CE14F3C549E}.Release|Any CPU.ActiveCfg = Release|Any CPU
		{B0FF67A9-69C0-4630-8E90-1CE14F3C549E}.Release|Any CPU.Build.0 = Release|Any CPU
		{9EB639B2-5071-4B89-BD04-AFF2CEE7E3DD}.Debug|Any CPU.ActiveCfg = Debug|Any CPU
		{9EB639B2-5071-4B89-BD04-AFF2CEE7E3DD}.Debug|Any CPU.Build.0 = Debug|Any CPU
		{9EB639B2-5071-4B89-BD04-AFF2CEE7E3DD}.Release|Any CPU.ActiveCfg = Release|Any CPU
		{9EB639B2-5071-4B89-BD04-AFF2CEE7E3DD}.Release|Any CPU.Build.0 = Release|Any CPU
		{1134FF5E-D9F0-4D78-8F02-207BDB5D3FD4}.Debug|Any CPU.ActiveCfg = Debug|Any CPU
		{1134FF5E-D9F0-4D78-8F02-207BDB5D3FD4}.Debug|Any CPU.Build.0 = Debug|Any CPU
		{1134FF5E-D9F0-4D78-8F02-207BDB5D3FD4}.Release|Any CPU.ActiveCfg = Release|Any CPU
		{1134FF5E-D9F0-4D78-8F02-207BDB5D3FD4}.Release|Any CPU.Build.0 = Release|Any CPU
		{46ADCC96-0860-41B8-8794-74D76DC0BB3B}.Debug|Any CPU.ActiveCfg = Debug|Any CPU
		{46ADCC96-0860-41B8-8794-74D76DC0BB3B}.Debug|Any CPU.Build.0 = Debug|Any CPU
		{46ADCC96-0860-41B8-8794-74D76DC0BB3B}.Release|Any CPU.ActiveCfg = Release|Any CPU
		{46ADCC96-0860-41B8-8794-74D76DC0BB3B}.Release|Any CPU.Build.0 = Release|Any CPU
		{C5BABE08-66DA-403E-8BD9-4562D4EA1031}.Debug|Any CPU.ActiveCfg = Debug|Any CPU
		{C5BABE08-66DA-403E-8BD9-4562D4EA1031}.Debug|Any CPU.Build.0 = Debug|Any CPU
		{C5BABE08-66DA-403E-8BD9-4562D4EA1031}.Release|Any CPU.ActiveCfg = Release|Any CPU
		{C5BABE08-66DA-403E-8BD9-4562D4EA1031}.Release|Any CPU.Build.0 = Release|Any CPU
		{E4339CF4-C551-4013-8237-0427FFD35032}.Debug|Any CPU.ActiveCfg = Debug|Any CPU
		{E4339CF4-C551-4013-8237-0427FFD35032}.Debug|Any CPU.Build.0 = Debug|Any CPU
		{E4339CF4-C551-4013-8237-0427FFD35032}.Release|Any CPU.ActiveCfg = Release|Any CPU
		{E4339CF4-C551-4013-8237-0427FFD35032}.Release|Any CPU.Build.0 = Release|Any CPU
	EndGlobalSection
	GlobalSection(SolutionProperties) = preSolution
		HideSolutionNode = FALSE
	EndGlobalSection
	GlobalSection(ExtensibilityGlobals) = postSolution
		SolutionGuid = {75D94EA5-77C7-4681-B177-59AEFFAA0F6F}
	EndGlobalSection
EndGlobal
