
Microsoft Visual Studio Solution File, Format Version 12.00
# Visual Studio Version 16
VisualStudioVersion = 16.0.28527.54
MinimumVisualStudioVersion = 10.0.40219.1
Project("{9A19103F-16F7-4668-BE54-9A1E7A4F7556}") = "Miki.Discord", "Miki.Discord\Miki.Discord.csproj", "{EA983525-DBAD-407C-BC7A-39878EA46EEC}"
EndProject
Project("{9A19103F-16F7-4668-BE54-9A1E7A4F7556}") = "Miki.Discord.Common", "Miki.Discord.Common\Miki.Discord.Common.csproj", "{813ADA8A-525F-4186-8F43-B9811CD8E8A4}"
EndProject
Project("{9A19103F-16F7-4668-BE54-9A1E7A4F7556}") = "Miki.Discord.Rest", "Miki.Discord.Rest\Miki.Discord.Rest.csproj", "{B0FF67A9-69C0-4630-8E90-1CE14F3C549E}"
EndProject
Project("{9A19103F-16F7-4668-BE54-9A1E7A4F7556}") = "Miki.Discord.Tests", "Miki.Discord.Tests\Miki.Discord.Tests.csproj", "{1134FF5E-D9F0-4D78-8F02-207BDB5D3FD4}"
EndProject
Project("{9A19103F-16F7-4668-BE54-9A1E7A4F7556}") = "Miki.Discord.Gateway", "Miki.Discord.Gateway\Miki.Discord.Gateway.csproj", "{1E4B8268-E0AB-4144-AD47-DDEDE1AB57B8}"
EndProject
Project("{9A19103F-16F7-4668-BE54-9A1E7A4F7556}") = "Miki.Discord.Example", "..\Miki.Discord.Example\Miki.Discord.Example\Miki.Discord.Example.csproj", "{D8997018-3405-46E6-8424-1660BB6C7838}"
EndProject
Project("{2150E333-8FDC-42A3-9474-1A3956D46DE8}") = "tests", "tests", "{17A727C8-38AF-417F-A09E-0585C01A63E7}"
EndProject
Project("{2150E333-8FDC-42A3-9474-1A3956D46DE8}") = "examples", "examples", "{F107170E-C462-4B43-9033-0A793625E3AD}"
EndProject
Global
	GlobalSection(SolutionConfigurationPlatforms) = preSolution
		Debug|Any CPU = Debug|Any CPU
		Release|Any CPU = Release|Any CPU
	EndGlobalSection
	GlobalSection(ProjectConfigurationPlatforms) = postSolution
		{EA983525-DBAD-407C-BC7A-39878EA46EEC}.Debug|Any CPU.ActiveCfg = Debug|Any CPU
		{EA983525-DBAD-407C-BC7A-39878EA46EEC}.Debug|Any CPU.Build.0 = Debug|Any CPU
		{EA983525-DBAD-407C-BC7A-39878EA46EEC}.Release|Any CPU.ActiveCfg = Release|Any CPU
		{EA983525-DBAD-407C-BC7A-39878EA46EEC}.Release|Any CPU.Build.0 = Release|Any CPU
		{813ADA8A-525F-4186-8F43-B9811CD8E8A4}.Debug|Any CPU.ActiveCfg = Debug|Any CPU
		{813ADA8A-525F-4186-8F43-B9811CD8E8A4}.Debug|Any CPU.Build.0 = Debug|Any CPU
		{813ADA8A-525F-4186-8F43-B9811CD8E8A4}.Release|Any CPU.ActiveCfg = Release|Any CPU
		{813ADA8A-525F-4186-8F43-B9811CD8E8A4}.Release|Any CPU.Build.0 = Release|Any CPU
		{B0FF67A9-69C0-4630-8E90-1CE14F3C549E}.Debug|Any CPU.ActiveCfg = Debug|Any CPU
		{B0FF67A9-69C0-4630-8E90-1CE14F3C549E}.Debug|Any CPU.Build.0 = Debug|Any CPU
		{B0FF67A9-69C0-4630-8E90-1CE14F3C549E}.Release|Any CPU.ActiveCfg = Release|Any CPU
		{B0FF67A9-69C0-4630-8E90-1CE14F3C549E}.Release|Any CPU.Build.0 = Release|Any CPU
		{1134FF5E-D9F0-4D78-8F02-207BDB5D3FD4}.Debug|Any CPU.ActiveCfg = Debug|Any CPU
		{1134FF5E-D9F0-4D78-8F02-207BDB5D3FD4}.Debug|Any CPU.Build.0 = Debug|Any CPU
		{1134FF5E-D9F0-4D78-8F02-207BDB5D3FD4}.Release|Any CPU.ActiveCfg = Release|Any CPU
		{1134FF5E-D9F0-4D78-8F02-207BDB5D3FD4}.Release|Any CPU.Build.0 = Release|Any CPU
		{1E4B8268-E0AB-4144-AD47-DDEDE1AB57B8}.Debug|Any CPU.ActiveCfg = Debug|Any CPU
		{1E4B8268-E0AB-4144-AD47-DDEDE1AB57B8}.Debug|Any CPU.Build.0 = Debug|Any CPU
		{1E4B8268-E0AB-4144-AD47-DDEDE1AB57B8}.Release|Any CPU.ActiveCfg = Release|Any CPU
		{1E4B8268-E0AB-4144-AD47-DDEDE1AB57B8}.Release|Any CPU.Build.0 = Release|Any CPU
		{D8997018-3405-46E6-8424-1660BB6C7838}.Debug|Any CPU.ActiveCfg = Debug|Any CPU
		{D8997018-3405-46E6-8424-1660BB6C7838}.Debug|Any CPU.Build.0 = Debug|Any CPU
		{D8997018-3405-46E6-8424-1660BB6C7838}.Release|Any CPU.ActiveCfg = Release|Any CPU
		{D8997018-3405-46E6-8424-1660BB6C7838}.Release|Any CPU.Build.0 = Release|Any CPU
	EndGlobalSection
	GlobalSection(SolutionProperties) = preSolution
		HideSolutionNode = FALSE
	EndGlobalSection
	GlobalSection(NestedProjects) = preSolution
		{1134FF5E-D9F0-4D78-8F02-207BDB5D3FD4} = {17A727C8-38AF-417F-A09E-0585C01A63E7}
		{D8997018-3405-46E6-8424-1660BB6C7838} = {F107170E-C462-4B43-9033-0A793625E3AD}
	EndGlobalSection
	GlobalSection(ExtensibilityGlobals) = postSolution
		SolutionGuid = {75D94EA5-77C7-4681-B177-59AEFFAA0F6F}
	EndGlobalSection
EndGlobal
